
Microsoft Visual Studio Solution File, Format Version 12.00
# Visual Studio Version 16
VisualStudioVersion = 16.0.29123.88
MinimumVisualStudioVersion = 10.0.40219.1
Project("{9A19103F-16F7-4668-BE54-9A1E7A4F7556}") = "AkExpenses.Models", "AkExpenses.Models\AkExpenses.Models.csproj", "{2ABA3A5A-B827-4019-B9CA-EDEE8E7A1B95}"
EndProject
Project("{9A19103F-16F7-4668-BE54-9A1E7A4F7556}") = "AkExpenses.Api", "AkExpenses.Api\AkExpenses.Api.csproj", "{E1DD379B-94C7-4FBB-84C0-1701DBE8C3E0}"
EndProject
Project("{FAE04EC0-301F-11D3-BF4B-00C04F79EFBC}") = "AkExpenses.Api.Tests", "AkExpenses.Api.Tests\AkExpenses.Api.Tests.csproj", "{58FF8F07-9150-4C07-A9A6-472A0F72686A}"
EndProject
Global
	GlobalSection(SolutionConfigurationPlatforms) = preSolution
		Debug|Any CPU = Debug|Any CPU
		Release|Any CPU = Release|Any CPU
	EndGlobalSection
	GlobalSection(ProjectConfigurationPlatforms) = postSolution
		{2ABA3A5A-B827-4019-B9CA-EDEE8E7A1B95}.Debug|Any CPU.ActiveCfg = Debug|Any CPU
		{2ABA3A5A-B827-4019-B9CA-EDEE8E7A1B95}.Debug|Any CPU.Build.0 = Debug|Any CPU
		{2ABA3A5A-B827-4019-B9CA-EDEE8E7A1B95}.Release|Any CPU.ActiveCfg = Release|Any CPU
		{2ABA3A5A-B827-4019-B9CA-EDEE8E7A1B95}.Release|Any CPU.Build.0 = Release|Any CPU
		{E1DD379B-94C7-4FBB-84C0-1701DBE8C3E0}.Debug|Any CPU.ActiveCfg = Debug|Any CPU
		{E1DD379B-94C7-4FBB-84C0-1701DBE8C3E0}.Debug|Any CPU.Build.0 = Debug|Any CPU
		{E1DD379B-94C7-4FBB-84C0-1701DBE8C3E0}.Release|Any CPU.ActiveCfg = Release|Any CPU
		{E1DD379B-94C7-4FBB-84C0-1701DBE8C3E0}.Release|Any CPU.Build.0 = Release|Any CPU
		{58FF8F07-9150-4C07-A9A6-472A0F72686A}.Debug|Any CPU.ActiveCfg = Debug|Any CPU
		{58FF8F07-9150-4C07-A9A6-472A0F72686A}.Debug|Any CPU.Build.0 = Debug|Any CPU
		{58FF8F07-9150-4C07-A9A6-472A0F72686A}.Release|Any CPU.ActiveCfg = Release|Any CPU
		{58FF8F07-9150-4C07-A9A6-472A0F72686A}.Release|Any CPU.Build.0 = Release|Any CPU
	EndGlobalSection
	GlobalSection(SolutionProperties) = preSolution
		HideSolutionNode = FALSE
	EndGlobalSection
	GlobalSection(ExtensibilityGlobals) = postSolution
		SolutionGuid = {7097E5EC-9A92-4AD7-8A5B-63A4CB5AFE4D}
	EndGlobalSection
EndGlobal
